
Microsoft Visual Studio Solution File, Format Version 12.00
# Visual Studio Version 17
VisualStudioVersion = 17.0.31919.166
MinimumVisualStudioVersion = 10.0.40219.1
Project("{9A19103F-16F7-4668-BE54-9A1E7A4F7556}") = "FileCommander", "FileCommander.csproj", "{32D73086-F8B4-4179-9205-3482AE0FDE46}"
EndProject
Global
	GlobalSection(SolutionConfigurationPlatforms) = preSolution
		Debug|Any CPU = Debug|Any CPU
		Release|Any CPU = Release|Any CPU
	EndGlobalSection
	GlobalSection(ProjectConfigurationPlatforms) = postSolution
		{32D73086-F8B4-4179-9205-3482AE0FDE46}.Debug|Any CPU.ActiveCfg = Debug|Any CPU
		{32D73086-F8B4-4179-9205-3482AE0FDE46}.Debug|Any CPU.Build.0 = Debug|Any CPU
		{32D73086-F8B4-4179-9205-3482AE0FDE46}.Release|Any CPU.ActiveCfg = Release|Any CPU
		{32D73086-F8B4-4179-9205-3482AE0FDE46}.Release|Any CPU.Build.0 = Release|Any CPU
	EndGlobalSection
	GlobalSection(SolutionProperties) = preSolution
		HideSolutionNode = FALSE
	EndGlobalSection
	GlobalSection(ExtensibilityGlobals) = postSolution
		SolutionGuid = {11E59C7E-A035-4660-B30D-2BD1F8AE3C62}
	EndGlobalSection
EndGlobal
