
Microsoft Visual Studio Solution File, Format Version 12.00
# Visual Studio Version 16
VisualStudioVersion = 16.0.30907.101
MinimumVisualStudioVersion = 10.0.40219.1
Project("{9A19103F-16F7-4668-BE54-9A1E7A4F7556}") = "Lesson-1.Homework-1", "Lesson-1.Homework-1\Lesson-1.Homework-1.csproj", "{0B10FAA5-0A3A-4383-BA8F-90377C4EDC7F}"
EndProject
Project("{9A19103F-16F7-4668-BE54-9A1E7A4F7556}") = "Lesson-1.AdditionalTask", "Lesson-1.AdditionalTask\Lesson-1.AdditionalTask.csproj", "{75429CE1-EB5B-463F-9CD9-F5FD5E1565EB}"
EndProject
Project("{9A19103F-16F7-4668-BE54-9A1E7A4F7556}") = "Lesson-2.Homework-1", "Lesson-2.Homework-1\Lesson-2.Homework-1.csproj", "{F6F71110-B9F8-4DAE-ACBC-AE1DBACD299C}"
EndProject
Project("{9A19103F-16F7-4668-BE54-9A1E7A4F7556}") = "Lesson-2.Homework-2", "Lesson-2.Homework-2\Lesson-2.Homework-2.csproj", "{4F17A0EE-BF33-4951-9916-4878D50E4640}"
EndProject
Project("{9A19103F-16F7-4668-BE54-9A1E7A4F7556}") = "Lesson-2.Homework-3", "Lesson-2.Homework-3\Lesson-2.Homework-3.csproj", "{7B09C620-82CF-4378-8688-8BB73DF02192}"
EndProject
Project("{9A19103F-16F7-4668-BE54-9A1E7A4F7556}") = "Lesson-2.Homework-4", "Lesson-2.Homework-4\Lesson-2.Homework-4.csproj", "{CDD3A699-4434-440F-832D-41CD0376A6F5}"
EndProject
Project("{9A19103F-16F7-4668-BE54-9A1E7A4F7556}") = "Lesson-2.Homework-5", "Lesson-2.Homework-5\Lesson-2.Homework-5.csproj", "{36DBF7D7-2B99-41FD-9FF8-24934FB1CBA1}"
EndProject
Project("{9A19103F-16F7-4668-BE54-9A1E7A4F7556}") = "Lesson-2.Homework-6", "Lesson-2.Homework-6\Lesson-2.Homework-6.csproj", "{698D2BEE-5B37-425F-9B97-3EEE81FFB69A}"
EndProject
Project("{9A19103F-16F7-4668-BE54-9A1E7A4F7556}") = "Lesson-3.Homework-1", "Lesson-3.Homework-1\Lesson-3.Homework-1.csproj", "{5641A01B-7C2A-406A-83E8-2E0862EA502D}"
EndProject
Project("{9A19103F-16F7-4668-BE54-9A1E7A4F7556}") = "Lesson-3.Homework-2", "Lesson-3.Homework-2\Lesson-3.Homework-2.csproj", "{86C8178E-C260-4D30-9B52-4FB9A81DDC03}"
EndProject
Project("{9A19103F-16F7-4668-BE54-9A1E7A4F7556}") = "Lesson-3.Homework-3", "Lesson-3.Homework-3\Lesson-3.Homework-3.csproj", "{9A8985C6-2002-4537-BC78-262150CF7BB6}"
EndProject
Project("{9A19103F-16F7-4668-BE54-9A1E7A4F7556}") = "Lesson-3.Homework-4", "Lesson-3.Homework-4\Lesson-3.Homework-4.csproj", "{F894CF30-83EB-4D6B-8905-B9A4A9492E8D}"
EndProject
Project("{9A19103F-16F7-4668-BE54-9A1E7A4F7556}") = "Lesson-4.Homework-1", "Lesson-4.Homework-1\Lesson-4.Homework-1.csproj", "{7F19943C-ABB5-4245-BFFF-6ABCB23BD2E9}"
EndProject
Project("{9A19103F-16F7-4668-BE54-9A1E7A4F7556}") = "Lesson-4.Homework-2", "Lesson-4.Homework-2\Lesson-4.Homework-2.csproj", "{EBBCB87A-4C15-4798-B67F-27AF6D3BBEE9}"
EndProject
Project("{9A19103F-16F7-4668-BE54-9A1E7A4F7556}") = "Lesson-4.Homework-3", "Lesson-4.Homework-3\Lesson-4.Homework-3.csproj", "{FB98CE5B-BADC-451C-AE4B-361221390ACA}"
EndProject
Project("{9A19103F-16F7-4668-BE54-9A1E7A4F7556}") = "Lesson-4.Homework-4", "Lesson-4.Homework-4\Lesson-4.Homework-4.csproj", "{506707A1-326C-45DE-8639-EBE52428C7C2}"
EndProject
Project("{9A19103F-16F7-4668-BE54-9A1E7A4F7556}") = "Lesson-5.Homework-1", "Lesson-5.Homework-1\Lesson-5.Homework-1.csproj", "{2DDAAA56-15D9-4D8E-9D2D-94D7F00F1B96}"
EndProject
Project("{9A19103F-16F7-4668-BE54-9A1E7A4F7556}") = "Lesson-5.Homework-2", "Lesson-5.Homework-2\Lesson-5.Homework-2.csproj", "{3FDD334F-00B6-441B-9915-1C0EED04E66D}"
EndProject
Project("{9A19103F-16F7-4668-BE54-9A1E7A4F7556}") = "Lesson-5.Homework-3", "Lesson-5.Homework-3\Lesson-5.Homework-3.csproj", "{10BD12B1-D372-434B-8CEC-3C95AB196405}"
EndProject
Project("{9A19103F-16F7-4668-BE54-9A1E7A4F7556}") = "Lesson-5.Homework-4", "Lesson-5.Homework-4\Lesson-5.Homework-4.csproj", "{5A9DE40C-76EB-47BE-BC49-991135C49D66}"
EndProject
Project("{9A19103F-16F7-4668-BE54-9A1E7A4F7556}") = "Lesson-5.Homework-5", "Lesson-5.Homework-5\Lesson-5.Homework-5.csproj", "{781E92E7-3047-4795-9474-35150F42F98D}"
EndProject
Project("{9A19103F-16F7-4668-BE54-9A1E7A4F7556}") = "Lesson-6.Homework", "Lesson-6.Homework\Lesson-6.Homework.csproj", "{75E64550-A2CD-4E54-A55E-BD1127598339}"
EndProject
Project("{9A19103F-16F7-4668-BE54-9A1E7A4F7556}") = "Lesson-7.Homework1.Source", "Lesson-7.Homework1.Source\Lesson-7.Homework1.Source.csproj", "{4EBEA070-DC17-4F82-BC97-20665F3B79AC}"
EndProject
Project("{FAE04EC0-301F-11D3-BF4B-00C04F79EFBC}") = "Lesson-7.Homework1.dotPeek", "Lesson-7.Homework1.dotPeek\Lesson-7.Homework1.dotPeek.csproj", "{B52205E7-AB8C-4DC8-9A62-7D88CD8E4666}"
EndProject
Project("{FAE04EC0-301F-11D3-BF4B-00C04F79EFBC}") = "Lesson-7.Homework1.Source_NF", "Lesson-7.Homework1.Source_NF\Lesson-7.Homework1.Source_NF.csproj", "{C58EF1E5-23E1-43A0-BF01-E75DDB38F81B}"
EndProject
Global
	GlobalSection(SolutionConfigurationPlatforms) = preSolution
		Debug|Any CPU = Debug|Any CPU
		Release|Any CPU = Release|Any CPU
	EndGlobalSection
	GlobalSection(ProjectConfigurationPlatforms) = postSolution
		{0B10FAA5-0A3A-4383-BA8F-90377C4EDC7F}.Debug|Any CPU.ActiveCfg = Debug|Any CPU
		{0B10FAA5-0A3A-4383-BA8F-90377C4EDC7F}.Debug|Any CPU.Build.0 = Debug|Any CPU
		{0B10FAA5-0A3A-4383-BA8F-90377C4EDC7F}.Release|Any CPU.ActiveCfg = Release|Any CPU
		{0B10FAA5-0A3A-4383-BA8F-90377C4EDC7F}.Release|Any CPU.Build.0 = Release|Any CPU
		{75429CE1-EB5B-463F-9CD9-F5FD5E1565EB}.Debug|Any CPU.ActiveCfg = Debug|Any CPU
		{75429CE1-EB5B-463F-9CD9-F5FD5E1565EB}.Debug|Any CPU.Build.0 = Debug|Any CPU
		{75429CE1-EB5B-463F-9CD9-F5FD5E1565EB}.Release|Any CPU.ActiveCfg = Release|Any CPU
		{75429CE1-EB5B-463F-9CD9-F5FD5E1565EB}.Release|Any CPU.Build.0 = Release|Any CPU
		{F6F71110-B9F8-4DAE-ACBC-AE1DBACD299C}.Debug|Any CPU.ActiveCfg = Debug|Any CPU
		{F6F71110-B9F8-4DAE-ACBC-AE1DBACD299C}.Debug|Any CPU.Build.0 = Debug|Any CPU
		{F6F71110-B9F8-4DAE-ACBC-AE1DBACD299C}.Release|Any CPU.ActiveCfg = Release|Any CPU
		{F6F71110-B9F8-4DAE-ACBC-AE1DBACD299C}.Release|Any CPU.Build.0 = Release|Any CPU
		{4F17A0EE-BF33-4951-9916-4878D50E4640}.Debug|Any CPU.ActiveCfg = Debug|Any CPU
		{4F17A0EE-BF33-4951-9916-4878D50E4640}.Debug|Any CPU.Build.0 = Debug|Any CPU
		{4F17A0EE-BF33-4951-9916-4878D50E4640}.Release|Any CPU.ActiveCfg = Release|Any CPU
		{4F17A0EE-BF33-4951-9916-4878D50E4640}.Release|Any CPU.Build.0 = Release|Any CPU
		{7B09C620-82CF-4378-8688-8BB73DF02192}.Debug|Any CPU.ActiveCfg = Debug|Any CPU
		{7B09C620-82CF-4378-8688-8BB73DF02192}.Debug|Any CPU.Build.0 = Debug|Any CPU
		{7B09C620-82CF-4378-8688-8BB73DF02192}.Release|Any CPU.ActiveCfg = Release|Any CPU
		{7B09C620-82CF-4378-8688-8BB73DF02192}.Release|Any CPU.Build.0 = Release|Any CPU
		{CDD3A699-4434-440F-832D-41CD0376A6F5}.Debug|Any CPU.ActiveCfg = Debug|Any CPU
		{CDD3A699-4434-440F-832D-41CD0376A6F5}.Debug|Any CPU.Build.0 = Debug|Any CPU
		{CDD3A699-4434-440F-832D-41CD0376A6F5}.Release|Any CPU.ActiveCfg = Release|Any CPU
		{CDD3A699-4434-440F-832D-41CD0376A6F5}.Release|Any CPU.Build.0 = Release|Any CPU
		{36DBF7D7-2B99-41FD-9FF8-24934FB1CBA1}.Debug|Any CPU.ActiveCfg = Debug|Any CPU
		{36DBF7D7-2B99-41FD-9FF8-24934FB1CBA1}.Debug|Any CPU.Build.0 = Debug|Any CPU
		{36DBF7D7-2B99-41FD-9FF8-24934FB1CBA1}.Release|Any CPU.ActiveCfg = Release|Any CPU
		{36DBF7D7-2B99-41FD-9FF8-24934FB1CBA1}.Release|Any CPU.Build.0 = Release|Any CPU
		{698D2BEE-5B37-425F-9B97-3EEE81FFB69A}.Debug|Any CPU.ActiveCfg = Debug|Any CPU
		{698D2BEE-5B37-425F-9B97-3EEE81FFB69A}.Debug|Any CPU.Build.0 = Debug|Any CPU
		{698D2BEE-5B37-425F-9B97-3EEE81FFB69A}.Release|Any CPU.ActiveCfg = Release|Any CPU
		{698D2BEE-5B37-425F-9B97-3EEE81FFB69A}.Release|Any CPU.Build.0 = Release|Any CPU
		{5641A01B-7C2A-406A-83E8-2E0862EA502D}.Debug|Any CPU.ActiveCfg = Debug|Any CPU
		{5641A01B-7C2A-406A-83E8-2E0862EA502D}.Debug|Any CPU.Build.0 = Debug|Any CPU
		{5641A01B-7C2A-406A-83E8-2E0862EA502D}.Release|Any CPU.ActiveCfg = Release|Any CPU
		{5641A01B-7C2A-406A-83E8-2E0862EA502D}.Release|Any CPU.Build.0 = Release|Any CPU
		{86C8178E-C260-4D30-9B52-4FB9A81DDC03}.Debug|Any CPU.ActiveCfg = Debug|Any CPU
		{86C8178E-C260-4D30-9B52-4FB9A81DDC03}.Debug|Any CPU.Build.0 = Debug|Any CPU
		{86C8178E-C260-4D30-9B52-4FB9A81DDC03}.Release|Any CPU.ActiveCfg = Release|Any CPU
		{86C8178E-C260-4D30-9B52-4FB9A81DDC03}.Release|Any CPU.Build.0 = Release|Any CPU
		{9A8985C6-2002-4537-BC78-262150CF7BB6}.Debug|Any CPU.ActiveCfg = Debug|Any CPU
		{9A8985C6-2002-4537-BC78-262150CF7BB6}.Debug|Any CPU.Build.0 = Debug|Any CPU
		{9A8985C6-2002-4537-BC78-262150CF7BB6}.Release|Any CPU.ActiveCfg = Release|Any CPU
		{9A8985C6-2002-4537-BC78-262150CF7BB6}.Release|Any CPU.Build.0 = Release|Any CPU
		{F894CF30-83EB-4D6B-8905-B9A4A9492E8D}.Debug|Any CPU.ActiveCfg = Debug|Any CPU
		{F894CF30-83EB-4D6B-8905-B9A4A9492E8D}.Debug|Any CPU.Build.0 = Debug|Any CPU
		{F894CF30-83EB-4D6B-8905-B9A4A9492E8D}.Release|Any CPU.ActiveCfg = Release|Any CPU
		{F894CF30-83EB-4D6B-8905-B9A4A9492E8D}.Release|Any CPU.Build.0 = Release|Any CPU
		{7F19943C-ABB5-4245-BFFF-6ABCB23BD2E9}.Debug|Any CPU.ActiveCfg = Debug|Any CPU
		{7F19943C-ABB5-4245-BFFF-6ABCB23BD2E9}.Debug|Any CPU.Build.0 = Debug|Any CPU
		{7F19943C-ABB5-4245-BFFF-6ABCB23BD2E9}.Release|Any CPU.ActiveCfg = Release|Any CPU
		{7F19943C-ABB5-4245-BFFF-6ABCB23BD2E9}.Release|Any CPU.Build.0 = Release|Any CPU
		{EBBCB87A-4C15-4798-B67F-27AF6D3BBEE9}.Debug|Any CPU.ActiveCfg = Debug|Any CPU
		{EBBCB87A-4C15-4798-B67F-27AF6D3BBEE9}.Debug|Any CPU.Build.0 = Debug|Any CPU
		{EBBCB87A-4C15-4798-B67F-27AF6D3BBEE9}.Release|Any CPU.ActiveCfg = Release|Any CPU
		{EBBCB87A-4C15-4798-B67F-27AF6D3BBEE9}.Release|Any CPU.Build.0 = Release|Any CPU
		{FB98CE5B-BADC-451C-AE4B-361221390ACA}.Debug|Any CPU.ActiveCfg = Debug|Any CPU
		{FB98CE5B-BADC-451C-AE4B-361221390ACA}.Debug|Any CPU.Build.0 = Debug|Any CPU
		{FB98CE5B-BADC-451C-AE4B-361221390ACA}.Release|Any CPU.ActiveCfg = Release|Any CPU
		{FB98CE5B-BADC-451C-AE4B-361221390ACA}.Release|Any CPU.Build.0 = Release|Any CPU
		{506707A1-326C-45DE-8639-EBE52428C7C2}.Debug|Any CPU.ActiveCfg = Debug|Any CPU
		{506707A1-326C-45DE-8639-EBE52428C7C2}.Debug|Any CPU.Build.0 = Debug|Any CPU
		{506707A1-326C-45DE-8639-EBE52428C7C2}.Release|Any CPU.ActiveCfg = Release|Any CPU
		{506707A1-326C-45DE-8639-EBE52428C7C2}.Release|Any CPU.Build.0 = Release|Any CPU
		{2DDAAA56-15D9-4D8E-9D2D-94D7F00F1B96}.Debug|Any CPU.ActiveCfg = Debug|Any CPU
		{2DDAAA56-15D9-4D8E-9D2D-94D7F00F1B96}.Debug|Any CPU.Build.0 = Debug|Any CPU
		{2DDAAA56-15D9-4D8E-9D2D-94D7F00F1B96}.Release|Any CPU.ActiveCfg = Release|Any CPU
		{2DDAAA56-15D9-4D8E-9D2D-94D7F00F1B96}.Release|Any CPU.Build.0 = Release|Any CPU
		{3FDD334F-00B6-441B-9915-1C0EED04E66D}.Debug|Any CPU.ActiveCfg = Debug|Any CPU
		{3FDD334F-00B6-441B-9915-1C0EED04E66D}.Debug|Any CPU.Build.0 = Debug|Any CPU
		{3FDD334F-00B6-441B-9915-1C0EED04E66D}.Release|Any CPU.ActiveCfg = Release|Any CPU
		{3FDD334F-00B6-441B-9915-1C0EED04E66D}.Release|Any CPU.Build.0 = Release|Any CPU
		{10BD12B1-D372-434B-8CEC-3C95AB196405}.Debug|Any CPU.ActiveCfg = Debug|Any CPU
		{10BD12B1-D372-434B-8CEC-3C95AB196405}.Debug|Any CPU.Build.0 = Debug|Any CPU
		{10BD12B1-D372-434B-8CEC-3C95AB196405}.Release|Any CPU.ActiveCfg = Release|Any CPU
		{10BD12B1-D372-434B-8CEC-3C95AB196405}.Release|Any CPU.Build.0 = Release|Any CPU
		{5A9DE40C-76EB-47BE-BC49-991135C49D66}.Debug|Any CPU.ActiveCfg = Debug|Any CPU
		{5A9DE40C-76EB-47BE-BC49-991135C49D66}.Debug|Any CPU.Build.0 = Debug|Any CPU
		{5A9DE40C-76EB-47BE-BC49-991135C49D66}.Release|Any CPU.ActiveCfg = Release|Any CPU
		{5A9DE40C-76EB-47BE-BC49-991135C49D66}.Release|Any CPU.Build.0 = Release|Any CPU
		{781E92E7-3047-4795-9474-35150F42F98D}.Debug|Any CPU.ActiveCfg = Debug|Any CPU
		{781E92E7-3047-4795-9474-35150F42F98D}.Debug|Any CPU.Build.0 = Debug|Any CPU
		{781E92E7-3047-4795-9474-35150F42F98D}.Release|Any CPU.ActiveCfg = Release|Any CPU
		{781E92E7-3047-4795-9474-35150F42F98D}.Release|Any CPU.Build.0 = Release|Any CPU
		{75E64550-A2CD-4E54-A55E-BD1127598339}.Debug|Any CPU.ActiveCfg = Debug|Any CPU
		{75E64550-A2CD-4E54-A55E-BD1127598339}.Debug|Any CPU.Build.0 = Debug|Any CPU
		{75E64550-A2CD-4E54-A55E-BD1127598339}.Release|Any CPU.ActiveCfg = Release|Any CPU
		{75E64550-A2CD-4E54-A55E-BD1127598339}.Release|Any CPU.Build.0 = Release|Any CPU
		{4EBEA070-DC17-4F82-BC97-20665F3B79AC}.Debug|Any CPU.ActiveCfg = Debug|Any CPU
		{4EBEA070-DC17-4F82-BC97-20665F3B79AC}.Debug|Any CPU.Build.0 = Debug|Any CPU
		{4EBEA070-DC17-4F82-BC97-20665F3B79AC}.Release|Any CPU.ActiveCfg = Release|Any CPU
		{4EBEA070-DC17-4F82-BC97-20665F3B79AC}.Release|Any CPU.Build.0 = Release|Any CPU
		{B52205E7-AB8C-4DC8-9A62-7D88CD8E4666}.Debug|Any CPU.ActiveCfg = Debug|Any CPU
		{B52205E7-AB8C-4DC8-9A62-7D88CD8E4666}.Debug|Any CPU.Build.0 = Debug|Any CPU
		{B52205E7-AB8C-4DC8-9A62-7D88CD8E4666}.Release|Any CPU.ActiveCfg = Release|Any CPU
		{B52205E7-AB8C-4DC8-9A62-7D88CD8E4666}.Release|Any CPU.Build.0 = Release|Any CPU
		{C58EF1E5-23E1-43A0-BF01-E75DDB38F81B}.Debug|Any CPU.ActiveCfg = Debug|Any CPU
		{C58EF1E5-23E1-43A0-BF01-E75DDB38F81B}.Debug|Any CPU.Build.0 = Debug|Any CPU
		{C58EF1E5-23E1-43A0-BF01-E75DDB38F81B}.Release|Any CPU.ActiveCfg = Release|Any CPU
		{C58EF1E5-23E1-43A0-BF01-E75DDB38F81B}.Release|Any CPU.Build.0 = Release|Any CPU
	EndGlobalSection
	GlobalSection(SolutionProperties) = preSolution
		HideSolutionNode = FALSE
	EndGlobalSection
	GlobalSection(ExtensibilityGlobals) = postSolution
		SolutionGuid = {6F2EDC53-6518-4935-A69A-E5777BA3C0E9}
	EndGlobalSection
EndGlobal
