
Microsoft Visual Studio Solution File, Format Version 12.00
# Visual Studio Version 17
VisualStudioVersion = 17.0.32112.339
MinimumVisualStudioVersion = 10.0.40219.1
Project("{9A19103F-16F7-4668-BE54-9A1E7A4F7556}") = "BankCards.ApiSql", "BankCards.ApiSql\BankCards.ApiSql.csproj", "{FD97A619-D097-48E6-9957-E7033C3887F5}"
EndProject
Project("{9A19103F-16F7-4668-BE54-9A1E7A4F7556}") = "BankCards.ApiOrm", "BankCards.ApiOrm\BankCards.ApiOrm.csproj", "{46E7CC6D-C267-4C78-A97C-E0967A46F3AF}"
EndProject
Project("{9A19103F-16F7-4668-BE54-9A1E7A4F7556}") = "BankCards.DAL", "BankCards.DAL\BankCards.DAL.csproj", "{19292A81-6378-4EA5-906E-AF55EE826E58}"
EndProject
Project("{9A19103F-16F7-4668-BE54-9A1E7A4F7556}") = "BankCards.Domain", "BankCards.Domain\BankCards.Domain.csproj", "{7EB3DF79-D510-43A3-8EAC-D38BACDD359C}"
EndProject
Project("{9A19103F-16F7-4668-BE54-9A1E7A4F7556}") = "BankCards.Interfaces", "BankCards.Interfaces\BankCards.Interfaces.csproj", "{5ECE6B8D-67E5-4C66-B073-B616D638549C}"
EndProject
Project("{9A19103F-16F7-4668-BE54-9A1E7A4F7556}") = "BankCards.ConsoleTests", "Tests\BankCards.ConsoleTests\BankCards.ConsoleTests.csproj", "{13DB007A-AED1-455D-9BB7-9A1F085F284C}"
EndProject
Project("{FAE04EC0-301F-11D3-BF4B-00C04F79EFBC}") = "BankCards.Exceptions", "BankCards.Exceptions\BankCards.Exceptions.csproj", "{DCE9D6FE-0CB1-4659-A4F8-16ACD4D78149}"
EndProject
Global
	GlobalSection(SolutionConfigurationPlatforms) = preSolution
		Debug|Any CPU = Debug|Any CPU
		Release|Any CPU = Release|Any CPU
	EndGlobalSection
	GlobalSection(ProjectConfigurationPlatforms) = postSolution
		{FD97A619-D097-48E6-9957-E7033C3887F5}.Debug|Any CPU.ActiveCfg = Debug|Any CPU
		{FD97A619-D097-48E6-9957-E7033C3887F5}.Debug|Any CPU.Build.0 = Debug|Any CPU
		{FD97A619-D097-48E6-9957-E7033C3887F5}.Release|Any CPU.ActiveCfg = Release|Any CPU
		{FD97A619-D097-48E6-9957-E7033C3887F5}.Release|Any CPU.Build.0 = Release|Any CPU
		{46E7CC6D-C267-4C78-A97C-E0967A46F3AF}.Debug|Any CPU.ActiveCfg = Debug|Any CPU
		{46E7CC6D-C267-4C78-A97C-E0967A46F3AF}.Debug|Any CPU.Build.0 = Debug|Any CPU
		{46E7CC6D-C267-4C78-A97C-E0967A46F3AF}.Release|Any CPU.ActiveCfg = Release|Any CPU
		{46E7CC6D-C267-4C78-A97C-E0967A46F3AF}.Release|Any CPU.Build.0 = Release|Any CPU
		{19292A81-6378-4EA5-906E-AF55EE826E58}.Debug|Any CPU.ActiveCfg = Debug|Any CPU
		{19292A81-6378-4EA5-906E-AF55EE826E58}.Debug|Any CPU.Build.0 = Debug|Any CPU
		{19292A81-6378-4EA5-906E-AF55EE826E58}.Release|Any CPU.ActiveCfg = Release|Any CPU
		{19292A81-6378-4EA5-906E-AF55EE826E58}.Release|Any CPU.Build.0 = Release|Any CPU
		{7EB3DF79-D510-43A3-8EAC-D38BACDD359C}.Debug|Any CPU.ActiveCfg = Debug|Any CPU
		{7EB3DF79-D510-43A3-8EAC-D38BACDD359C}.Debug|Any CPU.Build.0 = Debug|Any CPU
		{7EB3DF79-D510-43A3-8EAC-D38BACDD359C}.Release|Any CPU.ActiveCfg = Release|Any CPU
		{7EB3DF79-D510-43A3-8EAC-D38BACDD359C}.Release|Any CPU.Build.0 = Release|Any CPU
		{5ECE6B8D-67E5-4C66-B073-B616D638549C}.Debug|Any CPU.ActiveCfg = Debug|Any CPU
		{5ECE6B8D-67E5-4C66-B073-B616D638549C}.Debug|Any CPU.Build.0 = Debug|Any CPU
		{5ECE6B8D-67E5-4C66-B073-B616D638549C}.Release|Any CPU.ActiveCfg = Release|Any CPU
		{5ECE6B8D-67E5-4C66-B073-B616D638549C}.Release|Any CPU.Build.0 = Release|Any CPU
		{13DB007A-AED1-455D-9BB7-9A1F085F284C}.Debug|Any CPU.ActiveCfg = Debug|Any CPU
		{13DB007A-AED1-455D-9BB7-9A1F085F284C}.Debug|Any CPU.Build.0 = Debug|Any CPU
		{13DB007A-AED1-455D-9BB7-9A1F085F284C}.Release|Any CPU.ActiveCfg = Release|Any CPU
		{13DB007A-AED1-455D-9BB7-9A1F085F284C}.Release|Any CPU.Build.0 = Release|Any CPU
		{DCE9D6FE-0CB1-4659-A4F8-16ACD4D78149}.Debug|Any CPU.ActiveCfg = Debug|Any CPU
		{DCE9D6FE-0CB1-4659-A4F8-16ACD4D78149}.Debug|Any CPU.Build.0 = Debug|Any CPU
		{DCE9D6FE-0CB1-4659-A4F8-16ACD4D78149}.Release|Any CPU.ActiveCfg = Release|Any CPU
		{DCE9D6FE-0CB1-4659-A4F8-16ACD4D78149}.Release|Any CPU.Build.0 = Release|Any CPU
	EndGlobalSection
	GlobalSection(SolutionProperties) = preSolution
		HideSolutionNode = FALSE
	EndGlobalSection
	GlobalSection(ExtensibilityGlobals) = postSolution
		SolutionGuid = {D9C952E7-9EEB-4916-845A-F33079A235A0}
	EndGlobalSection
EndGlobal
