
Microsoft Visual Studio Solution File, Format Version 12.00
# Visual Studio Version 17
VisualStudioVersion = 17.0.31912.275
MinimumVisualStudioVersion = 10.0.40219.1
Project("{9A19103F-16F7-4668-BE54-9A1E7A4F7556}") = "CommandApp", "CommandApp\CommandApp.csproj", "{7F54DB53-EECA-48A0-A654-217A30573099}"
EndProject
Project("{9A19103F-16F7-4668-BE54-9A1E7A4F7556}") = "Data", "Data\Data.csproj", "{F705D5C0-A896-4106-8382-004D04C9A20B}"
EndProject
Project("{FAE04EC0-301F-11D3-BF4B-00C04F79EFBC}") = "TestCommand", "TestCommand\TestCommand.csproj", "{7E933EAA-A9BD-4AE4-9EDF-4A944012F0D7}"
EndProject
Global
	GlobalSection(SolutionConfigurationPlatforms) = preSolution
		Debug|Any CPU = Debug|Any CPU
		Release|Any CPU = Release|Any CPU
	EndGlobalSection
	GlobalSection(ProjectConfigurationPlatforms) = postSolution
		{7F54DB53-EECA-48A0-A654-217A30573099}.Debug|Any CPU.ActiveCfg = Debug|Any CPU
		{7F54DB53-EECA-48A0-A654-217A30573099}.Debug|Any CPU.Build.0 = Debug|Any CPU
		{7F54DB53-EECA-48A0-A654-217A30573099}.Release|Any CPU.ActiveCfg = Release|Any CPU
		{7F54DB53-EECA-48A0-A654-217A30573099}.Release|Any CPU.Build.0 = Release|Any CPU
		{F705D5C0-A896-4106-8382-004D04C9A20B}.Debug|Any CPU.ActiveCfg = Debug|Any CPU
		{F705D5C0-A896-4106-8382-004D04C9A20B}.Debug|Any CPU.Build.0 = Debug|Any CPU
		{F705D5C0-A896-4106-8382-004D04C9A20B}.Release|Any CPU.ActiveCfg = Release|Any CPU
		{F705D5C0-A896-4106-8382-004D04C9A20B}.Release|Any CPU.Build.0 = Release|Any CPU
		{7E933EAA-A9BD-4AE4-9EDF-4A944012F0D7}.Debug|Any CPU.ActiveCfg = Debug|Any CPU
		{7E933EAA-A9BD-4AE4-9EDF-4A944012F0D7}.Debug|Any CPU.Build.0 = Debug|Any CPU
		{7E933EAA-A9BD-4AE4-9EDF-4A944012F0D7}.Release|Any CPU.ActiveCfg = Release|Any CPU
		{7E933EAA-A9BD-4AE4-9EDF-4A944012F0D7}.Release|Any CPU.Build.0 = Release|Any CPU
	EndGlobalSection
	GlobalSection(SolutionProperties) = preSolution
		HideSolutionNode = FALSE
	EndGlobalSection
	GlobalSection(ExtensibilityGlobals) = postSolution
		SolutionGuid = {BFFEDAAD-F5E6-465C-9765-AC47BB4CCA27}
	EndGlobalSection
EndGlobal
