
Microsoft Visual Studio Solution File, Format Version 12.00
# Visual Studio Version 16
VisualStudioVersion = 16.0.31205.134
MinimumVisualStudioVersion = 10.0.40219.1
Project("{9A19103F-16F7-4668-BE54-9A1E7A4F7556}") = "Lesson-1.Homework-1", "Lesson-1.Homework-1\Lesson-1.Homework-1.csproj", "{AE0A393C-436D-4F37-8159-A8915F0FC1C1}"
EndProject
Project("{9A19103F-16F7-4668-BE54-9A1E7A4F7556}") = "Lesson-1.Homework-2", "Lesson-1.Homework-2\Lesson-1.Homework-2.csproj", "{99C3086F-76D2-4802-9A97-6F75D8515DC3}"
EndProject
Project("{9A19103F-16F7-4668-BE54-9A1E7A4F7556}") = "Lesson-1.Homework-3", "Lesson-1.Homework-3\Lesson-1.Homework-3.csproj", "{62BB850F-96DB-4D82-8A1F-15A93EBB3C07}"
EndProject
Project("{FAE04EC0-301F-11D3-BF4B-00C04F79EFBC}") = "Lesson-2.Homework-1", "Lesson-2.Homework-1\Lesson-2.Homework-1.csproj", "{3112B829-D693-4F72-ACED-E061DA835AAB}"
EndProject
Project("{FAE04EC0-301F-11D3-BF4B-00C04F79EFBC}") = "Lesson-2.Library", "Leddon-2.Library\Lesson-2.Library.csproj", "{375DFE81-BC5B-4AB0-9FB4-96BAF4477FFC}"
EndProject
Project("{FAE04EC0-301F-11D3-BF4B-00C04F79EFBC}") = "Lesson-2.Homework-2", "Lesson-2.Homework-2\Lesson-2.Homework-2.csproj", "{5132213E-4886-4796-84E9-BD8DE16F11C7}"
EndProject
Global
	GlobalSection(SolutionConfigurationPlatforms) = preSolution
		Debug|Any CPU = Debug|Any CPU
		Release|Any CPU = Release|Any CPU
	EndGlobalSection
	GlobalSection(ProjectConfigurationPlatforms) = postSolution
		{AE0A393C-436D-4F37-8159-A8915F0FC1C1}.Debug|Any CPU.ActiveCfg = Debug|Any CPU
		{AE0A393C-436D-4F37-8159-A8915F0FC1C1}.Debug|Any CPU.Build.0 = Debug|Any CPU
		{AE0A393C-436D-4F37-8159-A8915F0FC1C1}.Release|Any CPU.ActiveCfg = Release|Any CPU
		{AE0A393C-436D-4F37-8159-A8915F0FC1C1}.Release|Any CPU.Build.0 = Release|Any CPU
		{99C3086F-76D2-4802-9A97-6F75D8515DC3}.Debug|Any CPU.ActiveCfg = Debug|Any CPU
		{99C3086F-76D2-4802-9A97-6F75D8515DC3}.Debug|Any CPU.Build.0 = Debug|Any CPU
		{99C3086F-76D2-4802-9A97-6F75D8515DC3}.Release|Any CPU.ActiveCfg = Release|Any CPU
		{99C3086F-76D2-4802-9A97-6F75D8515DC3}.Release|Any CPU.Build.0 = Release|Any CPU
		{62BB850F-96DB-4D82-8A1F-15A93EBB3C07}.Debug|Any CPU.ActiveCfg = Debug|Any CPU
		{62BB850F-96DB-4D82-8A1F-15A93EBB3C07}.Debug|Any CPU.Build.0 = Debug|Any CPU
		{62BB850F-96DB-4D82-8A1F-15A93EBB3C07}.Release|Any CPU.ActiveCfg = Release|Any CPU
		{62BB850F-96DB-4D82-8A1F-15A93EBB3C07}.Release|Any CPU.Build.0 = Release|Any CPU
		{3112B829-D693-4F72-ACED-E061DA835AAB}.Debug|Any CPU.ActiveCfg = Debug|Any CPU
		{3112B829-D693-4F72-ACED-E061DA835AAB}.Debug|Any CPU.Build.0 = Debug|Any CPU
		{3112B829-D693-4F72-ACED-E061DA835AAB}.Release|Any CPU.ActiveCfg = Release|Any CPU
		{3112B829-D693-4F72-ACED-E061DA835AAB}.Release|Any CPU.Build.0 = Release|Any CPU
		{375DFE81-BC5B-4AB0-9FB4-96BAF4477FFC}.Debug|Any CPU.ActiveCfg = Debug|Any CPU
		{375DFE81-BC5B-4AB0-9FB4-96BAF4477FFC}.Debug|Any CPU.Build.0 = Debug|Any CPU
		{375DFE81-BC5B-4AB0-9FB4-96BAF4477FFC}.Release|Any CPU.ActiveCfg = Release|Any CPU
		{375DFE81-BC5B-4AB0-9FB4-96BAF4477FFC}.Release|Any CPU.Build.0 = Release|Any CPU
		{5132213E-4886-4796-84E9-BD8DE16F11C7}.Debug|Any CPU.ActiveCfg = Debug|Any CPU
		{5132213E-4886-4796-84E9-BD8DE16F11C7}.Debug|Any CPU.Build.0 = Debug|Any CPU
		{5132213E-4886-4796-84E9-BD8DE16F11C7}.Release|Any CPU.ActiveCfg = Release|Any CPU
		{5132213E-4886-4796-84E9-BD8DE16F11C7}.Release|Any CPU.Build.0 = Release|Any CPU
	EndGlobalSection
	GlobalSection(SolutionProperties) = preSolution
		HideSolutionNode = FALSE
	EndGlobalSection
	GlobalSection(ExtensibilityGlobals) = postSolution
		SolutionGuid = {83E3F991-384E-41DF-977F-C126207B9D47}
	EndGlobalSection
EndGlobal
