
Microsoft Visual Studio Solution File, Format Version 12.00
# Visual Studio Version 16
VisualStudioVersion = 16.0.31205.134
MinimumVisualStudioVersion = 10.0.40219.1
Project("{2150E333-8FDC-42A3-9474-1A3956D46DE8}") = "Lesson-1", "Lesson-1", "{79BBB0BB-8F0B-43D5-BFB7-7EE202A87DAF}"
EndProject
Project("{2150E333-8FDC-42A3-9474-1A3956D46DE8}") = "Lesson-2", "Lesson-2", "{B0EF3AAA-BDDB-492A-8AA9-B745DD09D1FE}"
EndProject
Project("{2150E333-8FDC-42A3-9474-1A3956D46DE8}") = "Lesson-3", "Lesson-3", "{BB7C77C6-BAA5-4973-8F50-D2815C613E88}"
EndProject
Project("{9A19103F-16F7-4668-BE54-9A1E7A4F7556}") = "Homework", "Lesson-3\Homework\Homework.csproj", "{D3E757CF-E58C-49CC-B775-F8C7BA63B06A}"
EndProject
Project("{9A19103F-16F7-4668-BE54-9A1E7A4F7556}") = "Homework-1", "Lesson-1\Homework-1\Homework-1.csproj", "{A4F18A65-19A1-4631-84ED-79D1C7C46BC4}"
EndProject
Project("{9A19103F-16F7-4668-BE54-9A1E7A4F7556}") = "Homework-2", "Lesson-1\Homework-2\Homework-2.csproj", "{61682E93-CDC1-40F2-828E-788E4F67AA42}"
EndProject
Project("{9A19103F-16F7-4668-BE54-9A1E7A4F7556}") = "Homework-3", "Lesson-1\Homework-3\Homework-3.csproj", "{B11A7305-A7DE-41A5-8B20-0E43554E5607}"
EndProject
Project("{9A19103F-16F7-4668-BE54-9A1E7A4F7556}") = "Homework-1", "Lesson-2\Homework-1\Homework-1.csproj", "{9FD679C4-CB05-4DF0-85CF-B22E14529604}"
EndProject
Project("{9A19103F-16F7-4668-BE54-9A1E7A4F7556}") = "Homework-2", "Lesson-2\Homework-2\Homework-2.csproj", "{31C383CE-E006-4434-B808-C759E481497B}"
EndProject
Project("{9A19103F-16F7-4668-BE54-9A1E7A4F7556}") = "Library", "Lesson-2\Library\Library.csproj", "{E62070A0-BF49-4504-B1C1-5AFDA6BD298F}"
EndProject
Global
	GlobalSection(SolutionConfigurationPlatforms) = preSolution
		Debug|Any CPU = Debug|Any CPU
		Release|Any CPU = Release|Any CPU
	EndGlobalSection
	GlobalSection(ProjectConfigurationPlatforms) = postSolution
		{D3E757CF-E58C-49CC-B775-F8C7BA63B06A}.Debug|Any CPU.ActiveCfg = Debug|Any CPU
		{D3E757CF-E58C-49CC-B775-F8C7BA63B06A}.Debug|Any CPU.Build.0 = Debug|Any CPU
		{D3E757CF-E58C-49CC-B775-F8C7BA63B06A}.Release|Any CPU.ActiveCfg = Release|Any CPU
		{D3E757CF-E58C-49CC-B775-F8C7BA63B06A}.Release|Any CPU.Build.0 = Release|Any CPU
		{A4F18A65-19A1-4631-84ED-79D1C7C46BC4}.Debug|Any CPU.ActiveCfg = Debug|Any CPU
		{A4F18A65-19A1-4631-84ED-79D1C7C46BC4}.Debug|Any CPU.Build.0 = Debug|Any CPU
		{A4F18A65-19A1-4631-84ED-79D1C7C46BC4}.Release|Any CPU.ActiveCfg = Release|Any CPU
		{A4F18A65-19A1-4631-84ED-79D1C7C46BC4}.Release|Any CPU.Build.0 = Release|Any CPU
		{61682E93-CDC1-40F2-828E-788E4F67AA42}.Debug|Any CPU.ActiveCfg = Debug|Any CPU
		{61682E93-CDC1-40F2-828E-788E4F67AA42}.Debug|Any CPU.Build.0 = Debug|Any CPU
		{61682E93-CDC1-40F2-828E-788E4F67AA42}.Release|Any CPU.ActiveCfg = Release|Any CPU
		{61682E93-CDC1-40F2-828E-788E4F67AA42}.Release|Any CPU.Build.0 = Release|Any CPU
		{B11A7305-A7DE-41A5-8B20-0E43554E5607}.Debug|Any CPU.ActiveCfg = Debug|Any CPU
		{B11A7305-A7DE-41A5-8B20-0E43554E5607}.Debug|Any CPU.Build.0 = Debug|Any CPU
		{B11A7305-A7DE-41A5-8B20-0E43554E5607}.Release|Any CPU.ActiveCfg = Release|Any CPU
		{B11A7305-A7DE-41A5-8B20-0E43554E5607}.Release|Any CPU.Build.0 = Release|Any CPU
		{9FD679C4-CB05-4DF0-85CF-B22E14529604}.Debug|Any CPU.ActiveCfg = Debug|Any CPU
		{9FD679C4-CB05-4DF0-85CF-B22E14529604}.Debug|Any CPU.Build.0 = Debug|Any CPU
		{9FD679C4-CB05-4DF0-85CF-B22E14529604}.Release|Any CPU.ActiveCfg = Release|Any CPU
		{9FD679C4-CB05-4DF0-85CF-B22E14529604}.Release|Any CPU.Build.0 = Release|Any CPU
		{31C383CE-E006-4434-B808-C759E481497B}.Debug|Any CPU.ActiveCfg = Debug|Any CPU
		{31C383CE-E006-4434-B808-C759E481497B}.Debug|Any CPU.Build.0 = Debug|Any CPU
		{31C383CE-E006-4434-B808-C759E481497B}.Release|Any CPU.ActiveCfg = Release|Any CPU
		{31C383CE-E006-4434-B808-C759E481497B}.Release|Any CPU.Build.0 = Release|Any CPU
		{E62070A0-BF49-4504-B1C1-5AFDA6BD298F}.Debug|Any CPU.ActiveCfg = Debug|Any CPU
		{E62070A0-BF49-4504-B1C1-5AFDA6BD298F}.Debug|Any CPU.Build.0 = Debug|Any CPU
		{E62070A0-BF49-4504-B1C1-5AFDA6BD298F}.Release|Any CPU.ActiveCfg = Release|Any CPU
		{E62070A0-BF49-4504-B1C1-5AFDA6BD298F}.Release|Any CPU.Build.0 = Release|Any CPU
	EndGlobalSection
	GlobalSection(SolutionProperties) = preSolution
		HideSolutionNode = FALSE
	EndGlobalSection
	GlobalSection(NestedProjects) = preSolution
		{D3E757CF-E58C-49CC-B775-F8C7BA63B06A} = {BB7C77C6-BAA5-4973-8F50-D2815C613E88}
		{A4F18A65-19A1-4631-84ED-79D1C7C46BC4} = {79BBB0BB-8F0B-43D5-BFB7-7EE202A87DAF}
		{61682E93-CDC1-40F2-828E-788E4F67AA42} = {79BBB0BB-8F0B-43D5-BFB7-7EE202A87DAF}
		{B11A7305-A7DE-41A5-8B20-0E43554E5607} = {79BBB0BB-8F0B-43D5-BFB7-7EE202A87DAF}
		{9FD679C4-CB05-4DF0-85CF-B22E14529604} = {B0EF3AAA-BDDB-492A-8AA9-B745DD09D1FE}
		{31C383CE-E006-4434-B808-C759E481497B} = {B0EF3AAA-BDDB-492A-8AA9-B745DD09D1FE}
		{E62070A0-BF49-4504-B1C1-5AFDA6BD298F} = {B0EF3AAA-BDDB-492A-8AA9-B745DD09D1FE}
	EndGlobalSection
	GlobalSection(ExtensibilityGlobals) = postSolution
		SolutionGuid = {83E3F991-384E-41DF-977F-C126207B9D47}
	EndGlobalSection
EndGlobal
