
Microsoft Visual Studio Solution File, Format Version 12.00
# Visual Studio Version 16
VisualStudioVersion = 16.0.31205.134
MinimumVisualStudioVersion = 10.0.40219.1
Project("{2150E333-8FDC-42A3-9474-1A3956D46DE8}") = "Lesson-1", "Lesson-1", "{79BBB0BB-8F0B-43D5-BFB7-7EE202A87DAF}"
EndProject
Project("{2150E333-8FDC-42A3-9474-1A3956D46DE8}") = "Lesson-2", "Lesson-2", "{B0EF3AAA-BDDB-492A-8AA9-B745DD09D1FE}"
EndProject
Project("{2150E333-8FDC-42A3-9474-1A3956D46DE8}") = "Lesson-3", "Lesson-3", "{BB7C77C6-BAA5-4973-8F50-D2815C613E88}"
EndProject
Project("{9A19103F-16F7-4668-BE54-9A1E7A4F7556}") = "Homework", "Lesson-3\Homework\Homework.csproj", "{D3E757CF-E58C-49CC-B775-F8C7BA63B06A}"
EndProject
Project("{9A19103F-16F7-4668-BE54-9A1E7A4F7556}") = "Homework-1", "Lesson-1\Homework-1\Homework-1.csproj", "{A4F18A65-19A1-4631-84ED-79D1C7C46BC4}"
EndProject
Project("{9A19103F-16F7-4668-BE54-9A1E7A4F7556}") = "Homework-2", "Lesson-1\Homework-2\Homework-2.csproj", "{61682E93-CDC1-40F2-828E-788E4F67AA42}"
EndProject
Project("{9A19103F-16F7-4668-BE54-9A1E7A4F7556}") = "Homework-3", "Lesson-1\Homework-3\Homework-3.csproj", "{B11A7305-A7DE-41A5-8B20-0E43554E5607}"
EndProject
Project("{9A19103F-16F7-4668-BE54-9A1E7A4F7556}") = "Homework-1", "Lesson-2\Homework-1\Homework-1.csproj", "{9FD679C4-CB05-4DF0-85CF-B22E14529604}"
EndProject
Project("{9A19103F-16F7-4668-BE54-9A1E7A4F7556}") = "Homework-2", "Lesson-2\Homework-2\Homework-2.csproj", "{31C383CE-E006-4434-B808-C759E481497B}"
EndProject
Project("{9A19103F-16F7-4668-BE54-9A1E7A4F7556}") = "Library", "Lesson-2\Library\Library.csproj", "{E62070A0-BF49-4504-B1C1-5AFDA6BD298F}"
EndProject
Project("{9A19103F-16F7-4668-BE54-9A1E7A4F7556}") = "Homework-1", "Lesson-4\Homework-1\Homework-1.csproj", "{A1BCE7FD-9328-40B1-A825-E2FE8E8A1265}"
EndProject
Project("{2150E333-8FDC-42A3-9474-1A3956D46DE8}") = "Lesson-4", "Lesson-4", "{9A6AF748-3766-49FC-882B-6D5A6A2A236C}"
EndProject
Project("{9A19103F-16F7-4668-BE54-9A1E7A4F7556}") = "Homework-2", "Lesson-4\Homework-2\Homework-2.csproj", "{B1139A49-69AF-4833-88FC-9DFCA89F373A}"
EndProject
Project("{9A19103F-16F7-4668-BE54-9A1E7A4F7556}") = "Library", "Lesson-4\Library\Library.csproj", "{F0343C26-9789-44D8-BBCC-27B1DDD2458D}"
EndProject
Project("{9A19103F-16F7-4668-BE54-9A1E7A4F7556}") = "Homework", "Lesson-5\Homework\Homework.csproj", "{0D97C562-5211-4BA0-84D0-514490C8EA5B}"
EndProject
Project("{2150E333-8FDC-42A3-9474-1A3956D46DE8}") = "Lesson-5", "Lesson-5", "{D937A979-AAFB-4967-AA85-E247D037731D}"
EndProject
Project("{9A19103F-16F7-4668-BE54-9A1E7A4F7556}") = "Library", "Lesson-5\Library\Library.csproj", "{BA3E2C69-71E5-49A4-99BD-1CEF8AE5D266}"
EndProject
Project("{2150E333-8FDC-42A3-9474-1A3956D46DE8}") = "Lesson-6", "Lesson-6", "{34B3464F-38F1-45D0-A94B-DD3876742618}"
EndProject
Project("{9A19103F-16F7-4668-BE54-9A1E7A4F7556}") = "Homework", "Lesson-6\Homework\Homework.csproj", "{7F26389C-8F76-4DDD-ACFC-C2187DA5825F}"
EndProject
Project("{2150E333-8FDC-42A3-9474-1A3956D46DE8}") = "Lesson-7", "Lesson-7", "{1AAED50F-9CF9-4459-AB36-6026A599751B}"
EndProject
Project("{FAE04EC0-301F-11D3-BF4B-00C04F79EFBC}") = "Homework", "Lesson-7\Homework\Homework.csproj", "{2E3EA59B-9AA9-4A93-9278-737CA9CDD6E9}"
EndProject
Global
	GlobalSection(SolutionConfigurationPlatforms) = preSolution
		Debug|Any CPU = Debug|Any CPU
		Release|Any CPU = Release|Any CPU
	EndGlobalSection
	GlobalSection(ProjectConfigurationPlatforms) = postSolution
		{D3E757CF-E58C-49CC-B775-F8C7BA63B06A}.Debug|Any CPU.ActiveCfg = Debug|Any CPU
		{D3E757CF-E58C-49CC-B775-F8C7BA63B06A}.Debug|Any CPU.Build.0 = Debug|Any CPU
		{D3E757CF-E58C-49CC-B775-F8C7BA63B06A}.Release|Any CPU.ActiveCfg = Release|Any CPU
		{D3E757CF-E58C-49CC-B775-F8C7BA63B06A}.Release|Any CPU.Build.0 = Release|Any CPU
		{A4F18A65-19A1-4631-84ED-79D1C7C46BC4}.Debug|Any CPU.ActiveCfg = Debug|Any CPU
		{A4F18A65-19A1-4631-84ED-79D1C7C46BC4}.Debug|Any CPU.Build.0 = Debug|Any CPU
		{A4F18A65-19A1-4631-84ED-79D1C7C46BC4}.Release|Any CPU.ActiveCfg = Release|Any CPU
		{A4F18A65-19A1-4631-84ED-79D1C7C46BC4}.Release|Any CPU.Build.0 = Release|Any CPU
		{61682E93-CDC1-40F2-828E-788E4F67AA42}.Debug|Any CPU.ActiveCfg = Debug|Any CPU
		{61682E93-CDC1-40F2-828E-788E4F67AA42}.Debug|Any CPU.Build.0 = Debug|Any CPU
		{61682E93-CDC1-40F2-828E-788E4F67AA42}.Release|Any CPU.ActiveCfg = Release|Any CPU
		{61682E93-CDC1-40F2-828E-788E4F67AA42}.Release|Any CPU.Build.0 = Release|Any CPU
		{B11A7305-A7DE-41A5-8B20-0E43554E5607}.Debug|Any CPU.ActiveCfg = Debug|Any CPU
		{B11A7305-A7DE-41A5-8B20-0E43554E5607}.Debug|Any CPU.Build.0 = Debug|Any CPU
		{B11A7305-A7DE-41A5-8B20-0E43554E5607}.Release|Any CPU.ActiveCfg = Release|Any CPU
		{B11A7305-A7DE-41A5-8B20-0E43554E5607}.Release|Any CPU.Build.0 = Release|Any CPU
		{9FD679C4-CB05-4DF0-85CF-B22E14529604}.Debug|Any CPU.ActiveCfg = Debug|Any CPU
		{9FD679C4-CB05-4DF0-85CF-B22E14529604}.Debug|Any CPU.Build.0 = Debug|Any CPU
		{9FD679C4-CB05-4DF0-85CF-B22E14529604}.Release|Any CPU.ActiveCfg = Release|Any CPU
		{9FD679C4-CB05-4DF0-85CF-B22E14529604}.Release|Any CPU.Build.0 = Release|Any CPU
		{31C383CE-E006-4434-B808-C759E481497B}.Debug|Any CPU.ActiveCfg = Debug|Any CPU
		{31C383CE-E006-4434-B808-C759E481497B}.Debug|Any CPU.Build.0 = Debug|Any CPU
		{31C383CE-E006-4434-B808-C759E481497B}.Release|Any CPU.ActiveCfg = Release|Any CPU
		{31C383CE-E006-4434-B808-C759E481497B}.Release|Any CPU.Build.0 = Release|Any CPU
		{E62070A0-BF49-4504-B1C1-5AFDA6BD298F}.Debug|Any CPU.ActiveCfg = Debug|Any CPU
		{E62070A0-BF49-4504-B1C1-5AFDA6BD298F}.Debug|Any CPU.Build.0 = Debug|Any CPU
		{E62070A0-BF49-4504-B1C1-5AFDA6BD298F}.Release|Any CPU.ActiveCfg = Release|Any CPU
		{E62070A0-BF49-4504-B1C1-5AFDA6BD298F}.Release|Any CPU.Build.0 = Release|Any CPU
		{A1BCE7FD-9328-40B1-A825-E2FE8E8A1265}.Debug|Any CPU.ActiveCfg = Debug|Any CPU
		{A1BCE7FD-9328-40B1-A825-E2FE8E8A1265}.Debug|Any CPU.Build.0 = Debug|Any CPU
		{A1BCE7FD-9328-40B1-A825-E2FE8E8A1265}.Release|Any CPU.ActiveCfg = Release|Any CPU
		{A1BCE7FD-9328-40B1-A825-E2FE8E8A1265}.Release|Any CPU.Build.0 = Release|Any CPU
		{B1139A49-69AF-4833-88FC-9DFCA89F373A}.Debug|Any CPU.ActiveCfg = Debug|Any CPU
		{B1139A49-69AF-4833-88FC-9DFCA89F373A}.Debug|Any CPU.Build.0 = Debug|Any CPU
		{B1139A49-69AF-4833-88FC-9DFCA89F373A}.Release|Any CPU.ActiveCfg = Release|Any CPU
		{B1139A49-69AF-4833-88FC-9DFCA89F373A}.Release|Any CPU.Build.0 = Release|Any CPU
		{F0343C26-9789-44D8-BBCC-27B1DDD2458D}.Debug|Any CPU.ActiveCfg = Debug|Any CPU
		{F0343C26-9789-44D8-BBCC-27B1DDD2458D}.Debug|Any CPU.Build.0 = Debug|Any CPU
		{F0343C26-9789-44D8-BBCC-27B1DDD2458D}.Release|Any CPU.ActiveCfg = Release|Any CPU
		{F0343C26-9789-44D8-BBCC-27B1DDD2458D}.Release|Any CPU.Build.0 = Release|Any CPU
		{0D97C562-5211-4BA0-84D0-514490C8EA5B}.Debug|Any CPU.ActiveCfg = Debug|Any CPU
		{0D97C562-5211-4BA0-84D0-514490C8EA5B}.Debug|Any CPU.Build.0 = Debug|Any CPU
		{0D97C562-5211-4BA0-84D0-514490C8EA5B}.Release|Any CPU.ActiveCfg = Release|Any CPU
		{0D97C562-5211-4BA0-84D0-514490C8EA5B}.Release|Any CPU.Build.0 = Release|Any CPU
		{BA3E2C69-71E5-49A4-99BD-1CEF8AE5D266}.Debug|Any CPU.ActiveCfg = Debug|Any CPU
		{BA3E2C69-71E5-49A4-99BD-1CEF8AE5D266}.Debug|Any CPU.Build.0 = Debug|Any CPU
		{BA3E2C69-71E5-49A4-99BD-1CEF8AE5D266}.Release|Any CPU.ActiveCfg = Release|Any CPU
		{BA3E2C69-71E5-49A4-99BD-1CEF8AE5D266}.Release|Any CPU.Build.0 = Release|Any CPU
		{7F26389C-8F76-4DDD-ACFC-C2187DA5825F}.Debug|Any CPU.ActiveCfg = Debug|Any CPU
		{7F26389C-8F76-4DDD-ACFC-C2187DA5825F}.Debug|Any CPU.Build.0 = Debug|Any CPU
		{7F26389C-8F76-4DDD-ACFC-C2187DA5825F}.Release|Any CPU.ActiveCfg = Release|Any CPU
		{7F26389C-8F76-4DDD-ACFC-C2187DA5825F}.Release|Any CPU.Build.0 = Release|Any CPU
		{2E3EA59B-9AA9-4A93-9278-737CA9CDD6E9}.Debug|Any CPU.ActiveCfg = Debug|Any CPU
		{2E3EA59B-9AA9-4A93-9278-737CA9CDD6E9}.Debug|Any CPU.Build.0 = Debug|Any CPU
		{2E3EA59B-9AA9-4A93-9278-737CA9CDD6E9}.Release|Any CPU.ActiveCfg = Release|Any CPU
		{2E3EA59B-9AA9-4A93-9278-737CA9CDD6E9}.Release|Any CPU.Build.0 = Release|Any CPU
	EndGlobalSection
	GlobalSection(SolutionProperties) = preSolution
		HideSolutionNode = FALSE
	EndGlobalSection
	GlobalSection(NestedProjects) = preSolution
		{D3E757CF-E58C-49CC-B775-F8C7BA63B06A} = {BB7C77C6-BAA5-4973-8F50-D2815C613E88}
		{A4F18A65-19A1-4631-84ED-79D1C7C46BC4} = {79BBB0BB-8F0B-43D5-BFB7-7EE202A87DAF}
		{61682E93-CDC1-40F2-828E-788E4F67AA42} = {79BBB0BB-8F0B-43D5-BFB7-7EE202A87DAF}
		{B11A7305-A7DE-41A5-8B20-0E43554E5607} = {79BBB0BB-8F0B-43D5-BFB7-7EE202A87DAF}
		{9FD679C4-CB05-4DF0-85CF-B22E14529604} = {B0EF3AAA-BDDB-492A-8AA9-B745DD09D1FE}
		{31C383CE-E006-4434-B808-C759E481497B} = {B0EF3AAA-BDDB-492A-8AA9-B745DD09D1FE}
		{E62070A0-BF49-4504-B1C1-5AFDA6BD298F} = {B0EF3AAA-BDDB-492A-8AA9-B745DD09D1FE}
		{A1BCE7FD-9328-40B1-A825-E2FE8E8A1265} = {9A6AF748-3766-49FC-882B-6D5A6A2A236C}
		{B1139A49-69AF-4833-88FC-9DFCA89F373A} = {9A6AF748-3766-49FC-882B-6D5A6A2A236C}
		{F0343C26-9789-44D8-BBCC-27B1DDD2458D} = {9A6AF748-3766-49FC-882B-6D5A6A2A236C}
		{0D97C562-5211-4BA0-84D0-514490C8EA5B} = {D937A979-AAFB-4967-AA85-E247D037731D}
		{BA3E2C69-71E5-49A4-99BD-1CEF8AE5D266} = {D937A979-AAFB-4967-AA85-E247D037731D}
		{7F26389C-8F76-4DDD-ACFC-C2187DA5825F} = {34B3464F-38F1-45D0-A94B-DD3876742618}
		{2E3EA59B-9AA9-4A93-9278-737CA9CDD6E9} = {1AAED50F-9CF9-4459-AB36-6026A599751B}
	EndGlobalSection
	GlobalSection(ExtensibilityGlobals) = postSolution
		SolutionGuid = {83E3F991-384E-41DF-977F-C126207B9D47}
	EndGlobalSection
EndGlobal
