
Microsoft Visual Studio Solution File, Format Version 12.00
# Visual Studio Version 17
VisualStudioVersion = 17.3.32804.467
MinimumVisualStudioVersion = 10.0.40219.1
Project("{FAE04EC0-301F-11D3-BF4B-00C04F79EFBC}") = "PumpService", "PumpService\PumpService.csproj", "{8B9A505F-0969-4451-A8F6-C88B64DB1CD6}"
EndProject
Project("{FAE04EC0-301F-11D3-BF4B-00C04F79EFBC}") = "PumpClient", "PumpClient\PumpClient.csproj", "{402E1699-AA2D-4835-A8FB-F72520510EDD}"
	ProjectSection(ProjectDependencies) = postProject
		{8B9A505F-0969-4451-A8F6-C88B64DB1CD6} = {8B9A505F-0969-4451-A8F6-C88B64DB1CD6}
	EndProjectSection
EndProject
Global
	GlobalSection(SolutionConfigurationPlatforms) = preSolution
		Debug|Any CPU = Debug|Any CPU
		Release|Any CPU = Release|Any CPU
	EndGlobalSection
	GlobalSection(ProjectConfigurationPlatforms) = postSolution
		{8B9A505F-0969-4451-A8F6-C88B64DB1CD6}.Debug|Any CPU.ActiveCfg = Debug|Any CPU
		{8B9A505F-0969-4451-A8F6-C88B64DB1CD6}.Debug|Any CPU.Build.0 = Debug|Any CPU
		{8B9A505F-0969-4451-A8F6-C88B64DB1CD6}.Release|Any CPU.ActiveCfg = Release|Any CPU
		{8B9A505F-0969-4451-A8F6-C88B64DB1CD6}.Release|Any CPU.Build.0 = Release|Any CPU
		{402E1699-AA2D-4835-A8FB-F72520510EDD}.Debug|Any CPU.ActiveCfg = Debug|Any CPU
		{402E1699-AA2D-4835-A8FB-F72520510EDD}.Debug|Any CPU.Build.0 = Debug|Any CPU
		{402E1699-AA2D-4835-A8FB-F72520510EDD}.Release|Any CPU.ActiveCfg = Release|Any CPU
		{402E1699-AA2D-4835-A8FB-F72520510EDD}.Release|Any CPU.Build.0 = Release|Any CPU
	EndGlobalSection
	GlobalSection(SolutionProperties) = preSolution
		HideSolutionNode = FALSE
	EndGlobalSection
	GlobalSection(ExtensibilityGlobals) = postSolution
		SolutionGuid = {6C83BAB7-DC34-4EA7-BBA4-47A8BBD88FC7}
	EndGlobalSection
EndGlobal
