
Microsoft Visual Studio Solution File, Format Version 12.00
# Visual Studio Version 16
VisualStudioVersion = 16.0.30114.105
MinimumVisualStudioVersion = 10.0.40219.1
Project("{FAE04EC0-301F-11D3-BF4B-00C04F79EFBC}") = "SampleService", "SampleService\SampleService.csproj", "{5453383C-A98A-498D-B8FC-CE805BAA21E1}"
EndProject
Project("{FAE04EC0-301F-11D3-BF4B-00C04F79EFBC}") = "Net.Http.Utils", "Net.Http.Utils\Net.Http.Utils.csproj", "{66F743E6-1325-41E1-8C7F-16E3B526D099}"
EndProject
Project("{FAE04EC0-301F-11D3-BF4B-00C04F79EFBC}") = "RootService", "RootService\RootService.csproj", "{07F303BA-FA07-436B-AAD3-98ECDC8358C1}"
EndProject
Global
	GlobalSection(SolutionConfigurationPlatforms) = preSolution
		Debug|Any CPU = Debug|Any CPU
		Release|Any CPU = Release|Any CPU
	EndGlobalSection
	GlobalSection(SolutionProperties) = preSolution
		HideSolutionNode = FALSE
	EndGlobalSection
	GlobalSection(ProjectConfigurationPlatforms) = postSolution
		{5453383C-A98A-498D-B8FC-CE805BAA21E1}.Debug|Any CPU.ActiveCfg = Debug|Any CPU
		{5453383C-A98A-498D-B8FC-CE805BAA21E1}.Debug|Any CPU.Build.0 = Debug|Any CPU
		{5453383C-A98A-498D-B8FC-CE805BAA21E1}.Release|Any CPU.ActiveCfg = Release|Any CPU
		{5453383C-A98A-498D-B8FC-CE805BAA21E1}.Release|Any CPU.Build.0 = Release|Any CPU
		{66F743E6-1325-41E1-8C7F-16E3B526D099}.Debug|Any CPU.ActiveCfg = Debug|Any CPU
		{66F743E6-1325-41E1-8C7F-16E3B526D099}.Debug|Any CPU.Build.0 = Debug|Any CPU
		{66F743E6-1325-41E1-8C7F-16E3B526D099}.Release|Any CPU.ActiveCfg = Release|Any CPU
		{66F743E6-1325-41E1-8C7F-16E3B526D099}.Release|Any CPU.Build.0 = Release|Any CPU
		{07F303BA-FA07-436B-AAD3-98ECDC8358C1}.Debug|Any CPU.ActiveCfg = Debug|Any CPU
		{07F303BA-FA07-436B-AAD3-98ECDC8358C1}.Debug|Any CPU.Build.0 = Debug|Any CPU
		{07F303BA-FA07-436B-AAD3-98ECDC8358C1}.Release|Any CPU.ActiveCfg = Release|Any CPU
		{07F303BA-FA07-436B-AAD3-98ECDC8358C1}.Release|Any CPU.Build.0 = Release|Any CPU
	EndGlobalSection
EndGlobal
